
Microsoft Visual Studio Solution File, Format Version 12.00
# Visual Studio 15
VisualStudioVersion = 15.0.28307.757
MinimumVisualStudioVersion = 10.0.40219.1
Project("{FAE04EC0-301F-11D3-BF4B-00C04F79EFBC}") = "WatchExeTime", "WatchExeTime\WatchExeTime.csproj", "{ED4CEFF4-D737-4B45-B8FB-881B400B3D20}"
EndProject
Project("{2150E333-8FDC-42A3-9474-1A3956D46DE8}") = "DAO", "DAO", "{1B12628D-3940-41E6-AEDD-A87D1F16B2D2}"
EndProject
Project("{2150E333-8FDC-42A3-9474-1A3956D46DE8}") = "BLL", "BLL", "{85CBC982-F06E-4F82-9563-24797A4B5A62}"
EndProject
Project("{2150E333-8FDC-42A3-9474-1A3956D46DE8}") = "UIL", "UIL", "{091ED48A-BBFB-41D0-BA89-94D9C2D0B17E}"
EndProject
Project("{FAE04EC0-301F-11D3-BF4B-00C04F79EFBC}") = "WatchExeTime.DAO", "WatchExeTime.DAO\WatchExeTime.DAO.csproj", "{391EBE24-685F-4939-8481-C92F2786368B}"
EndProject
Project("{FAE04EC0-301F-11D3-BF4B-00C04F79EFBC}") = "WatchExeTime.BLL", "WatchExeTime.BLL\WatchExeTime.BLL.csproj", "{CD406DE4-4438-4779-BA2E-0001E1991A3A}"
EndProject
Project("{FAE04EC0-301F-11D3-BF4B-00C04F79EFBC}") = "WatchExeTime.Factory", "WatchExeTime.Factory\WatchExeTime.Factory.csproj", "{3DA2AF26-7033-4ED8-9F3A-3BD59D0BBD84}"
EndProject
Project("{FAE04EC0-301F-11D3-BF4B-00C04F79EFBC}") = "WatchExeTime.DAO.IServices", "WatchExeTime.DAO.IServices\WatchExeTime.DAO.IServices.csproj", "{D6D09A01-6476-4E66-90A6-1FCD934F8DD7}"
EndProject
Project("{FAE04EC0-301F-11D3-BF4B-00C04F79EFBC}") = "WatchExeTime.DAO.Services", "WatchExeTime.DAO.Services\WatchExeTime.DAO.Services.csproj", "{33CE086B-DBA0-4D18-97A5-2E45D436BFB7}"
EndProject
Project("{FAE04EC0-301F-11D3-BF4B-00C04F79EFBC}") = "WatchExeTime.BLL.Service", "WatchExeTime.BLL.Service\WatchExeTime.BLL.Service.csproj", "{B3AA3EA5-6F60-4AE3-8DC2-DAAF43CDB80C}"
EndProject
Global
	GlobalSection(SolutionConfigurationPlatforms) = preSolution
		Debug|Any CPU = Debug|Any CPU
		Release|Any CPU = Release|Any CPU
	EndGlobalSection
	GlobalSection(ProjectConfigurationPlatforms) = postSolution
		{ED4CEFF4-D737-4B45-B8FB-881B400B3D20}.Debug|Any CPU.ActiveCfg = Debug|Any CPU
		{ED4CEFF4-D737-4B45-B8FB-881B400B3D20}.Debug|Any CPU.Build.0 = Debug|Any CPU
		{ED4CEFF4-D737-4B45-B8FB-881B400B3D20}.Release|Any CPU.ActiveCfg = Release|Any CPU
		{ED4CEFF4-D737-4B45-B8FB-881B400B3D20}.Release|Any CPU.Build.0 = Release|Any CPU
		{391EBE24-685F-4939-8481-C92F2786368B}.Debug|Any CPU.ActiveCfg = Debug|Any CPU
		{391EBE24-685F-4939-8481-C92F2786368B}.Debug|Any CPU.Build.0 = Debug|Any CPU
		{391EBE24-685F-4939-8481-C92F2786368B}.Release|Any CPU.ActiveCfg = Release|Any CPU
		{391EBE24-685F-4939-8481-C92F2786368B}.Release|Any CPU.Build.0 = Release|Any CPU
		{CD406DE4-4438-4779-BA2E-0001E1991A3A}.Debug|Any CPU.ActiveCfg = Debug|Any CPU
		{CD406DE4-4438-4779-BA2E-0001E1991A3A}.Debug|Any CPU.Build.0 = Debug|Any CPU
		{CD406DE4-4438-4779-BA2E-0001E1991A3A}.Release|Any CPU.ActiveCfg = Release|Any CPU
		{CD406DE4-4438-4779-BA2E-0001E1991A3A}.Release|Any CPU.Build.0 = Release|Any CPU
		{3DA2AF26-7033-4ED8-9F3A-3BD59D0BBD84}.Debug|Any CPU.ActiveCfg = Debug|Any CPU
		{3DA2AF26-7033-4ED8-9F3A-3BD59D0BBD84}.Debug|Any CPU.Build.0 = Debug|Any CPU
		{3DA2AF26-7033-4ED8-9F3A-3BD59D0BBD84}.Release|Any CPU.ActiveCfg = Release|Any CPU
		{3DA2AF26-7033-4ED8-9F3A-3BD59D0BBD84}.Release|Any CPU.Build.0 = Release|Any CPU
		{D6D09A01-6476-4E66-90A6-1FCD934F8DD7}.Debug|Any CPU.ActiveCfg = Debug|Any CPU
		{D6D09A01-6476-4E66-90A6-1FCD934F8DD7}.Debug|Any CPU.Build.0 = Debug|Any CPU
		{D6D09A01-6476-4E66-90A6-1FCD934F8DD7}.Release|Any CPU.ActiveCfg = Release|Any CPU
		{D6D09A01-6476-4E66-90A6-1FCD934F8DD7}.Release|Any CPU.Build.0 = Release|Any CPU
		{33CE086B-DBA0-4D18-97A5-2E45D436BFB7}.Debug|Any CPU.ActiveCfg = Debug|Any CPU
		{33CE086B-DBA0-4D18-97A5-2E45D436BFB7}.Debug|Any CPU.Build.0 = Debug|Any CPU
		{33CE086B-DBA0-4D18-97A5-2E45D436BFB7}.Release|Any CPU.ActiveCfg = Release|Any CPU
		{33CE086B-DBA0-4D18-97A5-2E45D436BFB7}.Release|Any CPU.Build.0 = Release|Any CPU
		{B3AA3EA5-6F60-4AE3-8DC2-DAAF43CDB80C}.Debug|Any CPU.ActiveCfg = Debug|Any CPU
		{B3AA3EA5-6F60-4AE3-8DC2-DAAF43CDB80C}.Debug|Any CPU.Build.0 = Debug|Any CPU
		{B3AA3EA5-6F60-4AE3-8DC2-DAAF43CDB80C}.Release|Any CPU.ActiveCfg = Release|Any CPU
		{B3AA3EA5-6F60-4AE3-8DC2-DAAF43CDB80C}.Release|Any CPU.Build.0 = Release|Any CPU
	EndGlobalSection
	GlobalSection(SolutionProperties) = preSolution
		HideSolutionNode = FALSE
	EndGlobalSection
	GlobalSection(NestedProjects) = preSolution
		{ED4CEFF4-D737-4B45-B8FB-881B400B3D20} = {091ED48A-BBFB-41D0-BA89-94D9C2D0B17E}
		{391EBE24-685F-4939-8481-C92F2786368B} = {1B12628D-3940-41E6-AEDD-A87D1F16B2D2}
		{CD406DE4-4438-4779-BA2E-0001E1991A3A} = {85CBC982-F06E-4F82-9563-24797A4B5A62}
		{3DA2AF26-7033-4ED8-9F3A-3BD59D0BBD84} = {1B12628D-3940-41E6-AEDD-A87D1F16B2D2}
		{D6D09A01-6476-4E66-90A6-1FCD934F8DD7} = {1B12628D-3940-41E6-AEDD-A87D1F16B2D2}
		{33CE086B-DBA0-4D18-97A5-2E45D436BFB7} = {1B12628D-3940-41E6-AEDD-A87D1F16B2D2}
		{B3AA3EA5-6F60-4AE3-8DC2-DAAF43CDB80C} = {85CBC982-F06E-4F82-9563-24797A4B5A62}
	EndGlobalSection
	GlobalSection(ExtensibilityGlobals) = postSolution
		SolutionGuid = {FE701987-2B31-4466-A8F8-AE112BB4A990}
	EndGlobalSection
EndGlobal
